
Microsoft Visual Studio Solution File, Format Version 12.00
Project("{FAE04EC0-301F-11D3-BF4B-00C04F79EFBC}") = "CW1", "CW1\CW1.csproj", "{AD47EF91-A90B-47C2-920D-F18CA32B4B4F}"
EndProject
Global
	GlobalSection(SolutionConfigurationPlatforms) = preSolution
		Debug|Any CPU = Debug|Any CPU
		Release|Any CPU = Release|Any CPU
	EndGlobalSection
	GlobalSection(ProjectConfigurationPlatforms) = postSolution
		{AD47EF91-A90B-47C2-920D-F18CA32B4B4F}.Debug|Any CPU.ActiveCfg = Debug|Any CPU
		{AD47EF91-A90B-47C2-920D-F18CA32B4B4F}.Debug|Any CPU.Build.0 = Debug|Any CPU
		{AD47EF91-A90B-47C2-920D-F18CA32B4B4F}.Release|Any CPU.ActiveCfg = Release|Any CPU
		{AD47EF91-A90B-47C2-920D-F18CA32B4B4F}.Release|Any CPU.Build.0 = Release|Any CPU
	EndGlobalSection
EndGlobal
