
Microsoft Visual Studio Solution File, Format Version 12.00
Project("{FAE04EC0-301F-11D3-BF4B-00C04F79EFBC}") = "PrinterEventArgs", "PrinterEventArgs\PrinterEventArgs.csproj", "{AD47EF91-A90B-47C2-920D-F18CA32B4B4F}"
EndProject
Project("{FAE04EC0-301F-11D3-BF4B-00C04F79EFBC}") = "ObjectFactory", "ObjectFactory\ObjectFactory.csproj", "{84EA59B8-EE38-4FF6-BF3F-28FCBB9C7533}"
EndProject
Project("{FAE04EC0-301F-11D3-BF4B-00C04F79EFBC}") = "DiscAnalis", "DiscAnalis\DiscAnalis.csproj", "{07099A8D-C274-4693-9B87-187A0E3D9FD2}"
EndProject
Global
	GlobalSection(SolutionConfigurationPlatforms) = preSolution
		Debug|Any CPU = Debug|Any CPU
		Release|Any CPU = Release|Any CPU
	EndGlobalSection
	GlobalSection(ProjectConfigurationPlatforms) = postSolution
		{AD47EF91-A90B-47C2-920D-F18CA32B4B4F}.Debug|Any CPU.ActiveCfg = Debug|Any CPU
		{AD47EF91-A90B-47C2-920D-F18CA32B4B4F}.Debug|Any CPU.Build.0 = Debug|Any CPU
		{AD47EF91-A90B-47C2-920D-F18CA32B4B4F}.Release|Any CPU.ActiveCfg = Release|Any CPU
		{AD47EF91-A90B-47C2-920D-F18CA32B4B4F}.Release|Any CPU.Build.0 = Release|Any CPU
		{84EA59B8-EE38-4FF6-BF3F-28FCBB9C7533}.Debug|Any CPU.ActiveCfg = Debug|Any CPU
		{84EA59B8-EE38-4FF6-BF3F-28FCBB9C7533}.Debug|Any CPU.Build.0 = Debug|Any CPU
		{84EA59B8-EE38-4FF6-BF3F-28FCBB9C7533}.Release|Any CPU.ActiveCfg = Release|Any CPU
		{84EA59B8-EE38-4FF6-BF3F-28FCBB9C7533}.Release|Any CPU.Build.0 = Release|Any CPU
		{07099A8D-C274-4693-9B87-187A0E3D9FD2}.Debug|Any CPU.ActiveCfg = Debug|Any CPU
		{07099A8D-C274-4693-9B87-187A0E3D9FD2}.Debug|Any CPU.Build.0 = Debug|Any CPU
		{07099A8D-C274-4693-9B87-187A0E3D9FD2}.Release|Any CPU.ActiveCfg = Release|Any CPU
		{07099A8D-C274-4693-9B87-187A0E3D9FD2}.Release|Any CPU.Build.0 = Release|Any CPU
	EndGlobalSection
EndGlobal
